{
  "name": "melange",
  "lockfileVersion": 2,
  "requires": true,
  "packages": {
    "": {
      "dependencies": {
        "ppx_hello": "file:../ppx_hello"
      },
      "devDependencies": {
        "esy": "^0.6.12"
      }
    },
    "../../../ppxlib-simple-example": {
      "name": "simple-ppx",
      "version": "0.2.0",
      "extraneous": true,
      "devDependencies": {
        "@opam/dune": "3.2.0",
        "@opam/ocaml-lsp-server": "1.12.0",
        "@opam/ppxlib": "0.24.0",
        "@opam/reason": "3.8.1",
        "ocaml": "4.14.0"
      }
    },
    "../ppx_hello": {
      "dependencies": {
        "@opam/dune": "*",
        "ocaml": "4.14.x"
      },
      "devDependencies": {
        "@opam/ocaml-lsp-server": "*",
        "@opam/ocamlformat": "*"
      }
    },
    "../ppx-hello": {
      "name": "ppx_hello",
      "extraneous": true,
      "dependencies": {
        "@opam/dune": "*",
        "ocaml": "4.14.x"
      },
      "devDependencies": {
        "@opam/ocaml-lsp-server": "*",
        "@opam/ocamlformat": "*"
      }
    },
    "node_modules/esy": {
      "version": "0.6.12",
      "dev": true,
      "hasInstallScript": true,
      "license": "MIT",
      "bin": {
        "esy": "bin/esy"
      }
    },
    "node_modules/ppx_hello": {
      "resolved": "../ppx_hello",
      "link": true
    }
  },
  "dependencies": {
    "esy": {
      "version": "0.6.12",
      "dev": true
    },
    "ppx_hello": {
      "version": "file:../ppx_hello",
      "requires": {
        "@opam/dune": "*",
        "@opam/ocaml-lsp-server": "*",
        "@opam/ocamlformat": "*",
        "ocaml": "4.14.x"
      }
    }
  }
}
